
Microsoft Visual Studio Solution File, Format Version 12.00
# Visual Studio Version 17
VisualStudioVersion = 17.9.34616.47
MinimumVisualStudioVersion = 10.0.40219.1
Project("{FAE04EC0-301F-11D3-BF4B-00C04F79EFBC}") = "BurtovCheckOut", "BurtovCheckOut\BurtovCheckOut.csproj", "{60AD72CB-F1BE-4528-8F89-196FC9EF4511}"
EndProject
Global
	GlobalSection(SolutionConfigurationPlatforms) = preSolution
		Debug|Any CPU = Debug|Any CPU
		Release|Any CPU = Release|Any CPU
	EndGlobalSection
	GlobalSection(ProjectConfigurationPlatforms) = postSolution
		{60AD72CB-F1BE-4528-8F89-196FC9EF4511}.Debug|Any CPU.ActiveCfg = Debug|Any CPU
		{60AD72CB-F1BE-4528-8F89-196FC9EF4511}.Debug|Any CPU.Build.0 = Debug|Any CPU
		{60AD72CB-F1BE-4528-8F89-196FC9EF4511}.Release|Any CPU.ActiveCfg = Release|Any CPU
		{60AD72CB-F1BE-4528-8F89-196FC9EF4511}.Release|Any CPU.Build.0 = Release|Any CPU
	EndGlobalSection
	GlobalSection(SolutionProperties) = preSolution
		HideSolutionNode = FALSE
	EndGlobalSection
	GlobalSection(ExtensibilityGlobals) = postSolution
		SolutionGuid = {801FB345-5D32-43AC-B299-D5E809458DEF}
	EndGlobalSection
EndGlobal
